
Microsoft Visual Studio Solution File, Format Version 12.00
Project("{FAE04EC0-301F-11D3-BF4B-00C04F79EFBC}") = "Navier", "Navier.csproj", "{0FD647B6-2743-419F-9CAC-85A2210699E3}"
EndProject
Global
	GlobalSection(SolutionConfigurationPlatforms) = preSolution
		Debug|Any CPU = Debug|Any CPU
		Release|Any CPU = Release|Any CPU
	EndGlobalSection
	GlobalSection(ProjectConfigurationPlatforms) = postSolution
		{0FD647B6-2743-419F-9CAC-85A2210699E3}.Debug|Any CPU.ActiveCfg = Debug|Any CPU
		{0FD647B6-2743-419F-9CAC-85A2210699E3}.Debug|Any CPU.Build.0 = Debug|Any CPU
		{0FD647B6-2743-419F-9CAC-85A2210699E3}.Release|Any CPU.ActiveCfg = Release|Any CPU
		{0FD647B6-2743-419F-9CAC-85A2210699E3}.Release|Any CPU.Build.0 = Release|Any CPU
	EndGlobalSection
EndGlobal
